
Microsoft Visual Studio Solution File, Format Version 12.00
# Visual Studio 2013
VisualStudioVersion = 12.0.30110.0
MinimumVisualStudioVersion = 10.0.40219.1
Project("{FAE04EC0-301F-11D3-BF4B-00C04F79EFBC}") = "Mefisto.Fb2", "Mefisto.Fb2\Mefisto.Fb2.csproj", "{24A1EFB0-9ED7-4F4D-A36E-523E35B0C70E}"
EndProject
Project("{FAE04EC0-301F-11D3-BF4B-00C04F79EFBC}") = "Mefisto.Fb2.UnitTests", "Mefisto.Fb2.UnitTests\Mefisto.Fb2.UnitTests.csproj", "{76343EE3-B54A-4BFA-8BBD-9941ABB8A739}"
EndProject
Global
	GlobalSection(SolutionConfigurationPlatforms) = preSolution
		Debug|Any CPU = Debug|Any CPU
		Release|Any CPU = Release|Any CPU
	EndGlobalSection
	GlobalSection(ProjectConfigurationPlatforms) = postSolution
		{24A1EFB0-9ED7-4F4D-A36E-523E35B0C70E}.Debug|Any CPU.ActiveCfg = Debug|Any CPU
		{24A1EFB0-9ED7-4F4D-A36E-523E35B0C70E}.Debug|Any CPU.Build.0 = Debug|Any CPU
		{24A1EFB0-9ED7-4F4D-A36E-523E35B0C70E}.Release|Any CPU.ActiveCfg = Release|Any CPU
		{24A1EFB0-9ED7-4F4D-A36E-523E35B0C70E}.Release|Any CPU.Build.0 = Release|Any CPU
		{76343EE3-B54A-4BFA-8BBD-9941ABB8A739}.Debug|Any CPU.ActiveCfg = Debug|Any CPU
		{76343EE3-B54A-4BFA-8BBD-9941ABB8A739}.Debug|Any CPU.Build.0 = Debug|Any CPU
		{76343EE3-B54A-4BFA-8BBD-9941ABB8A739}.Release|Any CPU.ActiveCfg = Release|Any CPU
		{76343EE3-B54A-4BFA-8BBD-9941ABB8A739}.Release|Any CPU.Build.0 = Release|Any CPU
	EndGlobalSection
	GlobalSection(SolutionProperties) = preSolution
		HideSolutionNode = FALSE
	EndGlobalSection
EndGlobal
